# Locked SOURCE for libhidapi (AWR-237 / AWR-229 discipline).
#
# Official GitHub tag archive for hidapi 0.15.0 (libusb/hidapi):
#   https://github.com/libusb/hidapi/archive/refs/tags/hidapi-0.15.0.tar.gz
#
# Built binaries are NOT hash-stable (linker ids / timestamps vary). Do NOT
# hash the built dylib. Authenticity chain = this locked source SHA-256 + the
# make_stick Mach-O floor gate (arm64 + minos <= MACOSX_DEPLOYMENT_TARGET 12.3).
#
# Build recipe (make_stick ensure_hidapi_dylib / build_hidapi_dylib):
#   MACOSX_DEPLOYMENT_TARGET=12.3
#   clang -dynamiclib -arch arm64 -mmacosx-version-min=12.3 -O2
#     -I <src>/hidapi <src>/mac/hid.c
#     -framework IOKit -framework CoreFoundation
#     -install_name @rpath/libhidapi.0.dylib
#     -current_version 0.15.0 -compatibility_version 0.15.0
#     -o <wheelhouse>/libhidapi.dylib
# Cache: .build-wheelhouse-macos12-arm64-cp313/libhidapi.dylib
#        (rebuild when absent or this lock file changes)
# Override: RBSS_HIDAPI_DYLIB=/path/to/prebuilt.dylib (still Mach-O gated;
#           never use a Homebrew host dylib — that is the wrong-floor trap)
#
hidapi==0.15.0 --hash=sha256:5d84dec684c27b97b921d2f3b73218cb773cf4ea915caee317ac8fc73cef8136  # hidapi-0.15.0.tar.gz
