# Locked native dylib for frozen Stream Deck (AWR-237 / AWR-229 discipline).
#
# Source: Homebrew formula `hidapi` 0.15.0 (https://libusb.info/hidapi/).
# Build-Mac paths (symlink-resolved to the same Mach-O):
#   /opt/homebrew/opt/hidapi/lib/libhidapi.dylib
#   /usr/local/opt/hidapi/lib/libhidapi.dylib
# Override for CI/tests: RBSS_HIDAPI_DYLIB=/path/to/libhidapi.dylib
#
# make_stick + rbss_launcher.spec fail closed if the file is missing, not arm64,
# or the SHA-256 below does not match. Guest Macs have no Homebrew — the frozen
# app must carry this exact binary.
#
b55d26323e13bee30afa54479ebfb3e02593aafcc20c69d5d6e545ad5d135cbd  libhidapi.dylib
