# RBSS Bridge build lock: CPython 3.13 / Apple Silicon / macOS 12.3+.
# 12.0-12.2 are unsupported because SciPy's published "12.0" wheel contains
# Mach-O slices with an actual 12.3 minimum; make_stick scans the real binaries.
# Every entry is exact and hash-locked. The trailing comment is the only
# acceptable artifact filename and is checked again after pip downloads it.
altgraph==0.17.5 --hash=sha256:f3a22400bce1b0c701683820ac4f3b159cd301acab067c51c653e06961600597  # altgraph-0.17.5-py2.py3-none-any.whl
audioop-lts==0.2.2 --hash=sha256:9a13dc409f2564de15dd68be65b462ba0dde01b19663720c68c1140c782d1d75  # audioop_lts-0.2.2-cp313-abi3-macosx_11_0_arm64.whl
audioread==3.1.0 --hash=sha256:b30d1df6c5d3de5dcef0fb0e256f6ea17bdcf5f979408df0297d8a408e2971b4  # audioread-3.1.0-py3-none-any.whl
bidict==0.23.1 --hash=sha256:5dae8d4d79b552a71cbabc7deb25dfe8ce710b17ff41711e13010ead2abfc3e5  # bidict-0.23.1-py3-none-any.whl
certifi==2026.6.17 --hash=sha256:2227dcbaafe0d2f59279d1762ddddc37783ed4354594f194ffc31d20f41fc3db  # certifi-2026.6.17-py3-none-any.whl
cffi==2.1.0 --hash=sha256:716ff8ec22f20b4d988b12884086bcef0fc99737043e503f7a3935a6be99b1ea  # cffi-2.1.0-cp313-cp313-macosx_11_0_arm64.whl
charset-normalizer==3.4.9 --hash=sha256:440eede837960000d74978f0eba527be106b5b9aee0daf779d395276ed0b0614  # charset_normalizer-3.4.9-cp313-cp313-macosx_10_13_universal2.whl
construct==2.10.70 --hash=sha256:c80be81ef595a1a821ec69dc16099550ed22197615f4320b57cc9ce2a672cb30  # construct-2.10.70-py3-none-any.whl
cython==3.2.8 --hash=sha256:0d78205f525287de94effa2f2fab6b9edafdab44ef8c58ecf52fcb1013225d68  # cython-3.2.8-cp313-cp313-macosx_11_0_arm64.whl
decorator==5.3.1 --hash=sha256:f47fe6fdbd2edd623ecfe36875d37aba411624e2670dd395dddae1358689bb3c  # decorator-5.3.1-py3-none-any.whl
idna==3.18 --hash=sha256:7f952cbe720b688055e3f87de14f5c3e5fdaa8bc3928985c4077ca689de849a2  # idna-3.18-py3-none-any.whl
ifaddr==0.2.0 --hash=sha256:085e0305cfe6f16ab12d72e2024030f5d52674afad6911bb1eee207177b8a748  # ifaddr-0.2.0-py3-none-any.whl
joblib==1.5.3 --hash=sha256:5fc3c5039fc5ca8c0276333a188bbd59d6b7ab37fe6632daa76bc7f9ec18e713  # joblib-1.5.3-py3-none-any.whl
lazy-loader==0.5 --hash=sha256:ab0ea149e9c554d4ffeeb21105ac60bed7f3b4fd69b1d2360a4add51b170b005  # lazy_loader-0.5-py3-none-any.whl
librosa==0.10.2.post1 --hash=sha256:dc882750e8b577a63039f25661b7e39ec4cfbacc99c1cffba666cd664fb0a7a0  # librosa-0.10.2.post1-py3-none-any.whl
llvmlite==0.48.0 --hash=sha256:a83a99ef0c05b4ccddf9b6218ed9fe84b653a0caf7c1d9dbe148d6d16c67f518  # llvmlite-0.48.0-cp313-cp313-macosx_12_0_arm64.whl
macholib==1.16.4 --hash=sha256:da1a3fa8266e30f0ce7e97c6a54eefaae8edd1e5f86f3eb8b95457cae90265ea  # macholib-1.16.4-py2.py3-none-any.whl
meson==1.11.2 --hash=sha256:7e4f6e83fec83e3eaac928e058b073c7557b282c35b6a2024cea143a39926a39  # meson-1.11.2-py3-none-any.whl
meson-python==0.20.0 --hash=sha256:6a744cf0c09e76ecbdc58cfa374b48c8902dac1b74479628238634efbf36aec9  # meson_python-0.20.0-py3-none-any.whl
mido==1.3.3 --hash=sha256:01033c9b10b049e4436fca2762194ca839b09a4334091dd3c34e7f4ae674fd8a  # mido-1.3.3-py3-none-any.whl
msgpack==1.2.1 --hash=sha256:491cc39455ca765fad51fb451bf2915eb2cf41192ab5801ce8d67c1d614fe056  # msgpack-1.2.1-cp313-cp313-macosx_11_0_arm64.whl
mutagen==1.48.1 --hash=sha256:4f077fe87d3fc7fba259aa63d8c026b18382ca6a42ef37c61e16f1b1b5b82fe7  # mutagen-1.48.1-py3-none-any.whl
narwhals==2.23.0 --hash=sha256:769e7b9ab102c93d8fa019f6b4cd1a657909b04a20bf6210e5a35aae06814ae9  # narwhals-2.23.0-py3-none-any.whl
ninja==1.13.0 --hash=sha256:fa2a8bfc62e31b08f83127d1613d10821775a0eb334197154c4d6067b7068ff1  # ninja-1.13.0-py3-none-macosx_10_9_universal2.whl
numba==0.66.0 --hash=sha256:380b2556a2019ccd1e956ae77dd257eaa39403f7520768b626d44b755112785e  # numba-0.66.0-cp313-cp313-macosx_12_0_arm64.whl
numpy==2.4.6 --hash=sha256:bf162abab1c1a736333192707cef898e735a5ca00f38f27eeedf44b39d9e85eb  # numpy-2.4.6-cp313-cp313-macosx_11_0_arm64.whl
packaging==26.2 --hash=sha256:5fc45236b9446107ff2415ce77c807cee2862cb6fac22b8a73826d0693b0980e  # packaging-26.2-py3-none-any.whl
pillow==12.3.0 --hash=sha256:d69141514cc30b774ceea5e3ed3a6635c8d8a96edf664689b890f4089111fb35  # pillow-12.3.0-cp313-cp313-macosx_11_0_arm64.whl
platformdirs==4.10.0 --hash=sha256:fb516cdb12eb0d857d0cd85a7c57cea4d060bee4578d6cf5a14dfdf8cbf8784a  # platformdirs-4.10.0-py3-none-any.whl
pooch==1.9.0 --hash=sha256:f265597baa9f760d25ceb29d0beb8186c243d6607b0f60b83ecf14078dbc703b  # pooch-1.9.0-py3-none-any.whl
psutil==7.2.2 --hash=sha256:1a7b04c10f32cc88ab39cbf606e117fd74721c831c98a27dc04578deb0c16979  # psutil-7.2.2-cp36-abi3-macosx_11_0_arm64.whl
pycparser==3.0 --hash=sha256:b727414169a36b7d524c1c3e31839a521725078d7b2ff038656844266160a992  # pycparser-3.0-py3-none-any.whl
pyinstaller==6.21.0 --hash=sha256:327d132389f37912609e01be62810cf96b5aa95b613903e4b8692e0d12fb0eda  # pyinstaller-6.21.0-py3-none-macosx_10_13_universal2.whl
pyinstaller-hooks-contrib==2026.6 --hash=sha256:fd13b8ac126b35361175edacd41a0d97080b75dd5f4b594ecefefff969509dd3  # pyinstaller_hooks_contrib-2026.6-py3-none-any.whl
pyobjc-core==12.2.1 --hash=sha256:af101222762665a4125157906cb4b23f5d5a63d3851d5e0504f72a1eaaa2cfd2  # pyobjc_core-12.2.1-cp313-cp313-macosx_10_13_universal2.whl
pyobjc-framework-cocoa==12.2.1 --hash=sha256:3b74a78fa7803e547b32e5e8ec1b49987b52fe318383e793bc6cd49b80efbd9f  # pyobjc_framework_cocoa-12.2.1-cp313-cp313-macosx_10_13_universal2.whl
pyproject-metadata==0.12.1 --hash=sha256:f7162d580a96386a8eb096da06215f981f547d1490f03055ef99e323bc2da427  # pyproject_metadata-0.12.1-py3-none-any.whl
pyrekordbox==0.4.4 --hash=sha256:2de933870126b9a0ef04bea372f1c5934efcfbb2501efb6b47d8ace0e17fb3d8  # pyrekordbox-0.4.4-py3-none-any.whl
pyserial==3.5 --hash=sha256:c4451db6ba391ca6ca299fb3ec7bae67a5c55dde170964c7a14ceefec02f2cf0  # pyserial-3.5-py2.py3-none-any.whl
python-dateutil==2.9.0.post0 --hash=sha256:a8b2bc7bffae282281c8140a97d3aa9c14da0b136dfe83f850eea9a5f7470427  # python_dateutil-2.9.0.post0-py2.py3-none-any.whl
python-osc==1.10.2 --hash=sha256:018b28e1cc06427c2c3d695f4e8d87d0caecfe604ff889acc45235cfd94183a2  # python_osc-1.10.2-py3-none-any.whl
requests==2.34.2 --hash=sha256:2a0d60c172f83ac6ab31e4554906c0f3b3588d37b5cb939b1c061f4907e278e0  # requests-2.34.2-py3-none-any.whl
scikit-learn==1.9.0 --hash=sha256:5b934c45c252844a91d69fda3a34cff5e7307e1db10d77cb10a3980312c74713  # scikit_learn-1.9.0-cp313-cp313-macosx_12_0_arm64.whl
scipy==1.18.0 --hash=sha256:5efe260f69417b97ddae455bfb5a95e8359f7f66ad7fa9522a60feb66f169520  # scipy-1.18.0-cp313-cp313-macosx_12_0_arm64.whl
setuptools==83.0.0 --hash=sha256:29b23c360f22f414dc7336bb39178cc7bcbf6021ed2733cde173f09dba19abb3  # setuptools-83.0.0-py3-none-any.whl
six==1.17.0 --hash=sha256:4721f391ed90541fddacab5acf947aa0d3dc7d27b2e1e8eda2be8970586c3274  # six-1.17.0-py2.py3-none-any.whl
soundfile==0.14.0 --hash=sha256:d828d35a059626da52f1415b5faee610aeab393319cb3fc4a9aef47b619fc14c  # soundfile-0.14.0-py2.py3-none-macosx_11_0_arm64.whl
soxr==1.1.0 --hash=sha256:d6a7ad82b8d5f3fcc04b1d2ca055562b96af571e1d4fa7c6c61d0fb509ac43b4  # soxr-1.1.0-cp312-abi3-macosx_11_0_arm64.whl
sqlalchemy==2.0.51 --hash=sha256:7c2056838b6685b72fdb36c99996cf862753461a62f2e84f4196371d3b2d6a07  # sqlalchemy-2.0.51-cp313-cp313-macosx_11_0_arm64.whl
sqlcipher3-wheels==0.5.7 --hash=sha256:be13828ae791836bfd58152fc89f313b026d6c2a17a60a114af1f4db9d81b1ce  # sqlcipher3_wheels-0.5.7-cp313-cp313-macosx_11_0_arm64.whl
standard-aifc==3.13.0 --hash=sha256:f7ae09cc57de1224a0dd8e3eb8f73830be7c3d0bc485de4c1f82b4a7f645ac66  # standard_aifc-3.13.0-py3-none-any.whl
standard-chunk==3.13.0 --hash=sha256:17880a26c285189c644bd5bd8f8ed2bdb795d216e3293e6dbe55bbd848e2982c  # standard_chunk-3.13.0-py3-none-any.whl
standard-sunau==3.13.0 --hash=sha256:53af624a9529c41062f4c2fd33837f297f3baa196b0cfceffea6555654602622  # standard_sunau-3.13.0-py3-none-any.whl
streamdeck==0.9.8 --hash=sha256:95c5a0a5349ff8ed5f0b7dcec1a955afc29122cf89e4b2797ced01ac8d61ff32  # streamdeck-0.9.8-py3-none-any.whl
threadpoolctl==3.6.0 --hash=sha256:43a0b8fd5a2928500110039e43a5eed8480b918967083ea48dc3ab9f13c4a7fb  # threadpoolctl-3.6.0-py3-none-any.whl
typing-extensions==4.16.0 --hash=sha256:481caa481374e813c1b176ada14e97f1f67a4539ce9cfeb3f350d78d6370c2e8  # typing_extensions-4.16.0-py3-none-any.whl
urllib3==2.7.0 --hash=sha256:9fb4c81ebbb1ce9531cce37674bbc6f1360472bc18ca9a553ede278ef7276897  # urllib3-2.7.0-py3-none-any.whl
wheel==0.47.0 --hash=sha256:212281cab4dff978f6cedd499cd893e1f620791ca6ff7107cf270781e587eced  # wheel-0.47.0-py3-none-any.whl
zeroconf==0.150.0 --hash=sha256:4f79d9ce9cc40e14d2f7b8e4af9dcc893b7f7793be91d14a61a77ccb1ab5c90b  # zeroconf-0.150.0-cp313-cp313-macosx_11_0_arm64.whl
